{
    "name": "lol-bin-parser",
    "version": "0.6.1",
    "lockfileVersion": 1,
    "requires": true,
    "dependencies": {
        "binary-buffer-parser": {
            "version": "0.9.2",
            "resolved": "https://registry.npmjs.org/binary-buffer-parser/-/binary-buffer-parser-0.9.2.tgz",
            "integrity": "sha1-SqTSo8SQrhKFRt61L/GrCC8peU4=",
            "requires": {
                "expandjs": "0.9.11"
            },
            "dependencies": {
                "expandjs": {
                    "version": "0.9.11",
                    "resolved": "https://registry.npmjs.org/expandjs/-/expandjs-0.9.11.tgz",
                    "integrity": "sha1-mlCGYHvsuY42b1PmdtsSJaLguGU=",
                    "requires": {
                        "lodash": "3.10.1",
                        "q": "1.5.0",
                        "uuid": "2.0.3"
                    }
                }
            }
        },
        "cuint": {
            "version": "0.2.2",
            "resolved": "https://registry.npmjs.org/cuint/-/cuint-0.2.2.tgz",
            "integrity": "sha1-QICG1AlVDCYxFVYZ6fp7ytw7mRs="
        },
        "expandjs": {
            "version": "0.10.0",
            "resolved": "https://registry.npmjs.org/expandjs/-/expandjs-0.10.0.tgz",
            "integrity": "sha1-SQo3CJ1DzPwy5SjdRRF6UmDgG88=",
            "requires": {
                "html-json-forms": "git+https://git@github.com/cezary/JSONForms.git#d22b5450cd870d62274a806ed909cdcc6535ba22",
                "lodash": "3.10.1",
                "uuid": "2.0.3"
            }
        },
        "graceful-fs": {
            "version": "3.0.11",
            "resolved": "https://registry.npmjs.org/graceful-fs/-/graceful-fs-3.0.11.tgz",
            "integrity": "sha1-dhPHeKGv6mLyXGMKCG1/Osu92Bg=",
            "requires": {
                "natives": "1.1.0"
            }
        },
        "html-json-forms": {
            "version": "git+https://git@github.com/cezary/JSONForms.git#d22b5450cd870d62274a806ed909cdcc6535ba22"
        },
        "lodash": {
            "version": "3.10.1",
            "resolved": "https://registry.npmjs.org/lodash/-/lodash-3.10.1.tgz",
            "integrity": "sha1-W/Rejkm6QYnhfUgnid/RW9FAt7Y="
        },
        "lol-file-parser": {
            "version": "0.9.2",
            "resolved": "https://registry.npmjs.org/lol-file-parser/-/lol-file-parser-0.9.2.tgz",
            "integrity": "sha1-aRt89MJLHKdCpVz8RKgD5oZXZyo=",
            "requires": {
                "binary-buffer-parser": "0.9.2",
                "expandjs": "0.9.11",
                "xp-fs": "0.9.11"
            },
            "dependencies": {
                "expandjs": {
                    "version": "0.9.11",
                    "resolved": "https://registry.npmjs.org/expandjs/-/expandjs-0.9.11.tgz",
                    "integrity": "sha1-mlCGYHvsuY42b1PmdtsSJaLguGU=",
                    "requires": {
                        "lodash": "3.10.1",
                        "q": "1.5.0",
                        "uuid": "2.0.3"
                    }
                }
            }
        },
        "natives": {
            "version": "1.1.0",
            "resolved": "https://registry.npmjs.org/natives/-/natives-1.1.0.tgz",
            "integrity": "sha1-6f+EFBimsux6SV6TmYT3jxY+bjE="
        },
        "q": {
            "version": "1.5.0",
            "resolved": "https://registry.npmjs.org/q/-/q-1.5.0.tgz",
            "integrity": "sha1-3QG6ydBtMObyGa7LglPunr3DCPE="
        },
        "uuid": {
            "version": "2.0.3",
            "resolved": "https://registry.npmjs.org/uuid/-/uuid-2.0.3.tgz",
            "integrity": "sha1-Z+LoY3lyFVMN/zGOW/nc6/1Hsho="
        },
        "xp-fs": {
            "version": "0.9.11",
            "resolved": "https://registry.npmjs.org/xp-fs/-/xp-fs-0.9.11.tgz",
            "integrity": "sha1-gF7Tpfx5WJ3Wo2ii7/01r566APw=",
            "requires": {
                "expandjs": "0.9.11",
                "graceful-fs": "3.0.11"
            },
            "dependencies": {
                "expandjs": {
                    "version": "0.9.11",
                    "resolved": "https://registry.npmjs.org/expandjs/-/expandjs-0.9.11.tgz",
                    "integrity": "sha1-mlCGYHvsuY42b1PmdtsSJaLguGU=",
                    "requires": {
                        "lodash": "3.10.1",
                        "q": "1.5.0",
                        "uuid": "2.0.3"
                    }
                }
            }
        }
    }
}
